// !$*UTF8*$!
{
	archiveVersion = 1;
	classes = {
	};
	objectVersion = 56;
	objects = {

/* Begin PBXBuildFile section */
		BE01DD7E2C970D6A003F2337 /* CartHeaderView.swift in Sources */ = {isa = PBXBuildFile; fileRef = BE01DD7D2C970D6A003F2337 /* CartHeaderView.swift */; };
		BE0548972C72125400EEF408 /* HomePresenter.swift in Sources */ = {isa = PBXBuildFile; fileRef = BE0548902C72125400EEF408 /* HomePresenter.swift */; };
		BE0548982C72125400EEF408 /* HomeWorker.swift in Sources */ = {isa = PBXBuildFile; fileRef = BE0548912C72125400EEF408 /* HomeWorker.swift */; };
		BE0548992C72125400EEF408 /* HomeRouter.swift in Sources */ = {isa = PBXBuildFile; fileRef = BE0548922C72125400EEF408 /* HomeRouter.swift */; };
		BE05489A2C72125400EEF408 /* HomeModels.swift in Sources */ = {isa = PBXBuildFile; fileRef = BE0548932C72125400EEF408 /* HomeModels.swift */; };
		BE05489B2C72125400EEF408 /* HomeViewController.swift in Sources */ = {isa = PBXBuildFile; fileRef = BE0548942C72125400EEF408 /* HomeViewController.swift */; };
		BE05489C2C72125400EEF408 /* HomeBuilder.swift in Sources */ = {isa = PBXBuildFile; fileRef = BE0548952C72125400EEF408 /* HomeBuilder.swift */; };
		BE05489D2C72125400EEF408 /* HomeInteractor.swift in Sources */ = {isa = PBXBuildFile; fileRef = BE0548962C72125400EEF408 /* HomeInteractor.swift */; };
		BE0548A02C72145A00EEF408 /* SnapKit in Frameworks */ = {isa = PBXBuildFile; productRef = BE05489F2C72145A00EEF408 /* SnapKit */; };
		BE076C2D2C75E62C0086D3AA /* HomeHeaderView.swift in Sources */ = {isa = PBXBuildFile; fileRef = BE076C2C2C75E62C0086D3AA /* HomeHeaderView.swift */; };
		BE076C312C7609EE0086D3AA /* HomeSectionFactory.swift in Sources */ = {isa = PBXBuildFile; fileRef = BE076C302C7609EE0086D3AA /* HomeSectionFactory.swift */; };
		BE0B29842C737FEE00A13C83 /* CGFloat+Ext.swift in Sources */ = {isa = PBXBuildFile; fileRef = BE0B29832C737FEE00A13C83 /* CGFloat+Ext.swift */; };
		BE15E2662C959E180024DF47 /* CoreDataService.swift in Sources */ = {isa = PBXBuildFile; fileRef = BE15E2652C959E180024DF47 /* CoreDataService.swift */; };
		BE15E2692C959FBB0024DF47 /* iBuyDataModel.xcdatamodeld in Sources */ = {isa = PBXBuildFile; fileRef = BE15E2672C959FBB0024DF47 /* iBuyDataModel.xcdatamodeld */; };
		BE15E2712C95C03A0024DF47 /* CartPresenter.swift in Sources */ = {isa = PBXBuildFile; fileRef = BE15E26A2C95C03A0024DF47 /* CartPresenter.swift */; };
		BE15E2722C95C03A0024DF47 /* CartWorker.swift in Sources */ = {isa = PBXBuildFile; fileRef = BE15E26B2C95C03A0024DF47 /* CartWorker.swift */; };
		BE15E2732C95C03A0024DF47 /* CartRouter.swift in Sources */ = {isa = PBXBuildFile; fileRef = BE15E26C2C95C03A0024DF47 /* CartRouter.swift */; };
		BE15E2742C95C03A0024DF47 /* CartModels.swift in Sources */ = {isa = PBXBuildFile; fileRef = BE15E26D2C95C03A0024DF47 /* CartModels.swift */; };
		BE15E2752C95C03A0024DF47 /* CartViewController.swift in Sources */ = {isa = PBXBuildFile; fileRef = BE15E26E2C95C03A0024DF47 /* CartViewController.swift */; };
		BE15E2762C95C03A0024DF47 /* CartBuilder.swift in Sources */ = {isa = PBXBuildFile; fileRef = BE15E26F2C95C03A0024DF47 /* CartBuilder.swift */; };
		BE15E2772C95C03A0024DF47 /* CartInteractor.swift in Sources */ = {isa = PBXBuildFile; fileRef = BE15E2702C95C03A0024DF47 /* CartInteractor.swift */; };
		BE15E27A2C95C4BB0024DF47 /* CartCell.swift in Sources */ = {isa = PBXBuildFile; fileRef = BE15E2792C95C4BB0024DF47 /* CartCell.swift */; };
		BE24F7012C74BAA80049D440 /* ReuseID.swift in Sources */ = {isa = PBXBuildFile; fileRef = BE24F7002C74BAA80049D440 /* ReuseID.swift */; };
		BE24F7032C74BB1B0049D440 /* CategoryCell.swift in Sources */ = {isa = PBXBuildFile; fileRef = BE24F7022C74BB1B0049D440 /* CategoryCell.swift */; };
		BE24F7052C74BB260049D440 /* ProductCell.swift in Sources */ = {isa = PBXBuildFile; fileRef = BE24F7042C74BB260049D440 /* ProductCell.swift */; };
		BE24F70A2C74CFE70049D440 /* FeatureCell.swift in Sources */ = {isa = PBXBuildFile; fileRef = BE24F7092C74CFE70049D440 /* FeatureCell.swift */; };
		BE4C7F072C7CE8B200DE88BD /* FirebaseConstants.swift in Sources */ = {isa = PBXBuildFile; fileRef = BE4C7F062C7CE8B200DE88BD /* FirebaseConstants.swift */; };
		BE4C7F092C7CE90A00DE88BD /* ServiceError.swift in Sources */ = {isa = PBXBuildFile; fileRef = BE4C7F082C7CE90A00DE88BD /* ServiceError.swift */; };
		BE5BE77D2C790CA100025994 /* GoogleService-Info.plist in Resources */ = {isa = PBXBuildFile; fileRef = BE5BE77C2C790CA100025994 /* GoogleService-Info.plist */; };
		BE5BE7802C790E8800025994 /* FirebaseAuth in Frameworks */ = {isa = PBXBuildFile; productRef = BE5BE77F2C790E8800025994 /* FirebaseAuth */; settings = {ATTRIBUTES = (Required, ); }; };
		BE5BE7822C790E8800025994 /* FirebaseAuthCombine-Community in Frameworks */ = {isa = PBXBuildFile; productRef = BE5BE7812C790E8800025994 /* FirebaseAuthCombine-Community */; };
		BE5BE7842C790E8800025994 /* FirebaseDatabase in Frameworks */ = {isa = PBXBuildFile; productRef = BE5BE7832C790E8800025994 /* FirebaseDatabase */; };
		BE5BE7862C790E8800025994 /* FirebaseFirestore in Frameworks */ = {isa = PBXBuildFile; productRef = BE5BE7852C790E8800025994 /* FirebaseFirestore */; };
		BE5BE7882C790E8800025994 /* FirebaseFirestoreCombine-Community in Frameworks */ = {isa = PBXBuildFile; productRef = BE5BE7872C790E8800025994 /* FirebaseFirestoreCombine-Community */; };
		BE5BE78A2C790E8800025994 /* FirebaseInstallations in Frameworks */ = {isa = PBXBuildFile; productRef = BE5BE7892C790E8800025994 /* FirebaseInstallations */; };
		BE5BE78C2C790E8800025994 /* FirebaseStorage in Frameworks */ = {isa = PBXBuildFile; productRef = BE5BE78B2C790E8800025994 /* FirebaseStorage */; };
		BE5BE78E2C790E8800025994 /* FirebaseStorageCombine-Community in Frameworks */ = {isa = PBXBuildFile; productRef = BE5BE78D2C790E8800025994 /* FirebaseStorageCombine-Community */; };
		BE5BE7912C79175000025994 /* iBuyModel.swift in Sources */ = {isa = PBXBuildFile; fileRef = BE5BE7902C79175000025994 /* iBuyModel.swift */; };
		BE5BE7942C79241200025994 /* FirebaseService.swift in Sources */ = {isa = PBXBuildFile; fileRef = BE5BE7932C79241200025994 /* FirebaseService.swift */; };
		BE88F18E2C6CC587006AAA84 /* AppDelegate.swift in Sources */ = {isa = PBXBuildFile; fileRef = BE88F18D2C6CC587006AAA84 /* AppDelegate.swift */; };
		BE88F19A2C6CC588006AAA84 /* Assets.xcassets in Resources */ = {isa = PBXBuildFile; fileRef = BE88F1992C6CC588006AAA84 /* Assets.xcassets */; };
		BE88F19D2C6CC588006AAA84 /* LaunchScreen.storyboard in Resources */ = {isa = PBXBuildFile; fileRef = BE88F19B2C6CC588006AAA84 /* LaunchScreen.storyboard */; };
		BE88F1A72C6CC78E006AAA84 /* MainVC.swift in Sources */ = {isa = PBXBuildFile; fileRef = BE88F1A62C6CC78E006AAA84 /* MainVC.swift */; };
		BE8A2BFD2C7A06DA000BBF3F /* SDWebImage in Frameworks */ = {isa = PBXBuildFile; productRef = BE8A2BFC2C7A06DA000BBF3F /* SDWebImage */; };
		BE8A2BFF2C7A1E4E000BBF3F /* LabelFactory.swift in Sources */ = {isa = PBXBuildFile; fileRef = BE8A2BFE2C7A1E4E000BBF3F /* LabelFactory.swift */; };
		BE8A2C012C7A2235000BBF3F /* ButtonFactory.swift in Sources */ = {isa = PBXBuildFile; fileRef = BE8A2C002C7A2235000BBF3F /* ButtonFactory.swift */; };
		BEBA2FA72C875F39007D2DB0 /* DetailPresenter.swift in Sources */ = {isa = PBXBuildFile; fileRef = BEBA2FA02C875F39007D2DB0 /* DetailPresenter.swift */; };
		BEBA2FA82C875F39007D2DB0 /* DetailWorker.swift in Sources */ = {isa = PBXBuildFile; fileRef = BEBA2FA12C875F39007D2DB0 /* DetailWorker.swift */; };
		BEBA2FAA2C875F39007D2DB0 /* DetailModels.swift in Sources */ = {isa = PBXBuildFile; fileRef = BEBA2FA32C875F39007D2DB0 /* DetailModels.swift */; };
		BEBA2FAB2C875F39007D2DB0 /* DetailViewController.swift in Sources */ = {isa = PBXBuildFile; fileRef = BEBA2FA42C875F39007D2DB0 /* DetailViewController.swift */; };
		BEBA2FAC2C875F39007D2DB0 /* DetailBuilder.swift in Sources */ = {isa = PBXBuildFile; fileRef = BEBA2FA52C875F39007D2DB0 /* DetailBuilder.swift */; };
		BEBA2FAD2C875F39007D2DB0 /* DetailInteractor.swift in Sources */ = {isa = PBXBuildFile; fileRef = BEBA2FA62C875F39007D2DB0 /* DetailInteractor.swift */; };
		BEBA2FB02C87621D007D2DB0 /* ProductView.swift in Sources */ = {isa = PBXBuildFile; fileRef = BEBA2FAF2C87621D007D2DB0 /* ProductView.swift */; };
		BEDC794C2C80C4DA00AA1F15 /* ImageFactory.swift in Sources */ = {isa = PBXBuildFile; fileRef = BEDC794B2C80C4DA00AA1F15 /* ImageFactory.swift */; };
		BEF63B9A2C837D5E0072E625 /* StackViewFactory.swift in Sources */ = {isa = PBXBuildFile; fileRef = BEF63B992C837D5E0072E625 /* StackViewFactory.swift */; };
		BEF63B9C2C83848B0072E625 /* Category.swift in Sources */ = {isa = PBXBuildFile; fileRef = BEF63B9B2C83848B0072E625 /* Category.swift */; };
		BEF63BA02C8387280072E625 /* SectionType.swift in Sources */ = {isa = PBXBuildFile; fileRef = BEF63B9F2C8387280072E625 /* SectionType.swift */; };
/* End PBXBuildFile section */

/* Begin PBXFileReference section */
		BE01DD7D2C970D6A003F2337 /* CartHeaderView.swift */ = {isa = PBXFileReference; lastKnownFileType = sourcecode.swift; path = CartHeaderView.swift; sourceTree = "<group>"; };
		BE0548902C72125400EEF408 /* HomePresenter.swift */ = {isa = PBXFileReference; lastKnownFileType = sourcecode.swift; path = HomePresenter.swift; sourceTree = "<group>"; };
		BE0548912C72125400EEF408 /* HomeWorker.swift */ = {isa = PBXFileReference; lastKnownFileType = sourcecode.swift; path = HomeWorker.swift; sourceTree = "<group>"; };
		BE0548922C72125400EEF408 /* HomeRouter.swift */ = {isa = PBXFileReference; lastKnownFileType = sourcecode.swift; path = HomeRouter.swift; sourceTree = "<group>"; };
		BE0548932C72125400EEF408 /* HomeModels.swift */ = {isa = PBXFileReference; lastKnownFileType = sourcecode.swift; path = HomeModels.swift; sourceTree = "<group>"; };
		BE0548942C72125400EEF408 /* HomeViewController.swift */ = {isa = PBXFileReference; lastKnownFileType = sourcecode.swift; path = HomeViewController.swift; sourceTree = "<group>"; };
		BE0548952C72125400EEF408 /* HomeBuilder.swift */ = {isa = PBXFileReference; lastKnownFileType = sourcecode.swift; path = HomeBuilder.swift; sourceTree = "<group>"; };
		BE0548962C72125400EEF408 /* HomeInteractor.swift */ = {isa = PBXFileReference; lastKnownFileType = sourcecode.swift; path = HomeInteractor.swift; sourceTree = "<group>"; };
		BE076C2C2C75E62C0086D3AA /* HomeHeaderView.swift */ = {isa = PBXFileReference; lastKnownFileType = sourcecode.swift; path = HomeHeaderView.swift; sourceTree = "<group>"; };
		BE076C302C7609EE0086D3AA /* HomeSectionFactory.swift */ = {isa = PBXFileReference; lastKnownFileType = sourcecode.swift; path = HomeSectionFactory.swift; sourceTree = "<group>"; };
		BE0B29832C737FEE00A13C83 /* CGFloat+Ext.swift */ = {isa = PBXFileReference; lastKnownFileType = sourcecode.swift; path = "CGFloat+Ext.swift"; sourceTree = "<group>"; };
		BE15E2652C959E180024DF47 /* CoreDataService.swift */ = {isa = PBXFileReference; lastKnownFileType = sourcecode.swift; path = CoreDataService.swift; sourceTree = "<group>"; };
		BE15E2682C959FBB0024DF47 /* iBuyDataModel.xcdatamodel */ = {isa = PBXFileReference; lastKnownFileType = wrapper.xcdatamodel; path = iBuyDataModel.xcdatamodel; sourceTree = "<group>"; };
		BE15E26A2C95C03A0024DF47 /* CartPresenter.swift */ = {isa = PBXFileReference; lastKnownFileType = sourcecode.swift; path = CartPresenter.swift; sourceTree = "<group>"; };
		BE15E26B2C95C03A0024DF47 /* CartWorker.swift */ = {isa = PBXFileReference; lastKnownFileType = sourcecode.swift; path = CartWorker.swift; sourceTree = "<group>"; };
		BE15E26C2C95C03A0024DF47 /* CartRouter.swift */ = {isa = PBXFileReference; lastKnownFileType = sourcecode.swift; path = CartRouter.swift; sourceTree = "<group>"; };
		BE15E26D2C95C03A0024DF47 /* CartModels.swift */ = {isa = PBXFileReference; lastKnownFileType = sourcecode.swift; path = CartModels.swift; sourceTree = "<group>"; };
		BE15E26E2C95C03A0024DF47 /* CartViewController.swift */ = {isa = PBXFileReference; lastKnownFileType = sourcecode.swift; path = CartViewController.swift; sourceTree = "<group>"; };
		BE15E26F2C95C03A0024DF47 /* CartBuilder.swift */ = {isa = PBXFileReference; lastKnownFileType = sourcecode.swift; path = CartBuilder.swift; sourceTree = "<group>"; };
		BE15E2702C95C03A0024DF47 /* CartInteractor.swift */ = {isa = PBXFileReference; lastKnownFileType = sourcecode.swift; path = CartInteractor.swift; sourceTree = "<group>"; };
		BE15E2792C95C4BB0024DF47 /* CartCell.swift */ = {isa = PBXFileReference; lastKnownFileType = sourcecode.swift; path = CartCell.swift; sourceTree = "<group>"; };
		BE24F7002C74BAA80049D440 /* ReuseID.swift */ = {isa = PBXFileReference; lastKnownFileType = sourcecode.swift; path = ReuseID.swift; sourceTree = "<group>"; };
		BE24F7022C74BB1B0049D440 /* CategoryCell.swift */ = {isa = PBXFileReference; lastKnownFileType = sourcecode.swift; path = CategoryCell.swift; sourceTree = "<group>"; };
		BE24F7042C74BB260049D440 /* ProductCell.swift */ = {isa = PBXFileReference; lastKnownFileType = sourcecode.swift; path = ProductCell.swift; sourceTree = "<group>"; };
		BE24F7092C74CFE70049D440 /* FeatureCell.swift */ = {isa = PBXFileReference; lastKnownFileType = sourcecode.swift; path = FeatureCell.swift; sourceTree = "<group>"; };
		BE4C7F062C7CE8B200DE88BD /* FirebaseConstants.swift */ = {isa = PBXFileReference; lastKnownFileType = sourcecode.swift; path = FirebaseConstants.swift; sourceTree = "<group>"; };
		BE4C7F082C7CE90A00DE88BD /* ServiceError.swift */ = {isa = PBXFileReference; lastKnownFileType = sourcecode.swift; path = ServiceError.swift; sourceTree = "<group>"; };
		BE5BE77C2C790CA100025994 /* GoogleService-Info.plist */ = {isa = PBXFileReference; fileEncoding = 4; lastKnownFileType = text.plist.xml; path = "GoogleService-Info.plist"; sourceTree = "<group>"; };
		BE5BE7902C79175000025994 /* iBuyModel.swift */ = {isa = PBXFileReference; lastKnownFileType = sourcecode.swift; path = iBuyModel.swift; sourceTree = "<group>"; };
		BE5BE7932C79241200025994 /* FirebaseService.swift */ = {isa = PBXFileReference; lastKnownFileType = sourcecode.swift; path = FirebaseService.swift; sourceTree = "<group>"; };
		BE88F18A2C6CC587006AAA84 /* iBuy.app */ = {isa = PBXFileReference; explicitFileType = wrapper.application; includeInIndex = 0; path = iBuy.app; sourceTree = BUILT_PRODUCTS_DIR; };
		BE88F18D2C6CC587006AAA84 /* AppDelegate.swift */ = {isa = PBXFileReference; lastKnownFileType = sourcecode.swift; path = AppDelegate.swift; sourceTree = "<group>"; };
		BE88F1992C6CC588006AAA84 /* Assets.xcassets */ = {isa = PBXFileReference; lastKnownFileType = folder.assetcatalog; path = Assets.xcassets; sourceTree = "<group>"; };
		BE88F19C2C6CC588006AAA84 /* Base */ = {isa = PBXFileReference; lastKnownFileType = file.storyboard; name = Base; path = Base.lproj/LaunchScreen.storyboard; sourceTree = "<group>"; };
		BE88F19E2C6CC588006AAA84 /* Info.plist */ = {isa = PBXFileReference; lastKnownFileType = text.plist.xml; path = Info.plist; sourceTree = "<group>"; };
		BE88F1A62C6CC78E006AAA84 /* MainVC.swift */ = {isa = PBXFileReference; lastKnownFileType = sourcecode.swift; path = MainVC.swift; sourceTree = "<group>"; };
		BE8A2BFE2C7A1E4E000BBF3F /* LabelFactory.swift */ = {isa = PBXFileReference; lastKnownFileType = sourcecode.swift; path = LabelFactory.swift; sourceTree = "<group>"; };
		BE8A2C002C7A2235000BBF3F /* ButtonFactory.swift */ = {isa = PBXFileReference; lastKnownFileType = sourcecode.swift; path = ButtonFactory.swift; sourceTree = "<group>"; };
		BEBA2FA02C875F39007D2DB0 /* DetailPresenter.swift */ = {isa = PBXFileReference; lastKnownFileType = sourcecode.swift; path = DetailPresenter.swift; sourceTree = "<group>"; };
		BEBA2FA12C875F39007D2DB0 /* DetailWorker.swift */ = {isa = PBXFileReference; lastKnownFileType = sourcecode.swift; path = DetailWorker.swift; sourceTree = "<group>"; };
		BEBA2FA32C875F39007D2DB0 /* DetailModels.swift */ = {isa = PBXFileReference; lastKnownFileType = sourcecode.swift; path = DetailModels.swift; sourceTree = "<group>"; };
		BEBA2FA42C875F39007D2DB0 /* DetailViewController.swift */ = {isa = PBXFileReference; lastKnownFileType = sourcecode.swift; path = DetailViewController.swift; sourceTree = "<group>"; };
		BEBA2FA52C875F39007D2DB0 /* DetailBuilder.swift */ = {isa = PBXFileReference; lastKnownFileType = sourcecode.swift; path = DetailBuilder.swift; sourceTree = "<group>"; };
		BEBA2FA62C875F39007D2DB0 /* DetailInteractor.swift */ = {isa = PBXFileReference; lastKnownFileType = sourcecode.swift; path = DetailInteractor.swift; sourceTree = "<group>"; };
		BEBA2FAF2C87621D007D2DB0 /* ProductView.swift */ = {isa = PBXFileReference; lastKnownFileType = sourcecode.swift; path = ProductView.swift; sourceTree = "<group>"; };
		BEDC794B2C80C4DA00AA1F15 /* ImageFactory.swift */ = {isa = PBXFileReference; lastKnownFileType = sourcecode.swift; path = ImageFactory.swift; sourceTree = "<group>"; };
		BEF63B992C837D5E0072E625 /* StackViewFactory.swift */ = {isa = PBXFileReference; lastKnownFileType = sourcecode.swift; path = StackViewFactory.swift; sourceTree = "<group>"; };
		BEF63B9B2C83848B0072E625 /* Category.swift */ = {isa = PBXFileReference; lastKnownFileType = sourcecode.swift; path = Category.swift; sourceTree = "<group>"; };
		BEF63B9F2C8387280072E625 /* SectionType.swift */ = {isa = PBXFileReference; lastKnownFileType = sourcecode.swift; path = SectionType.swift; sourceTree = "<group>"; };
/* End PBXFileReference section */

/* Begin PBXFrameworksBuildPhase section */
		BE88F1872C6CC587006AAA84 /* Frameworks */ = {
			isa = PBXFrameworksBuildPhase;
			buildActionMask = 2147483647;
			files = (
				BE0548A02C72145A00EEF408 /* SnapKit in Frameworks */,
				BE5BE78A2C790E8800025994 /* FirebaseInstallations in Frameworks */,
				BE5BE7822C790E8800025994 /* FirebaseAuthCombine-Community in Frameworks */,
				BE5BE7842C790E8800025994 /* FirebaseDatabase in Frameworks */,
				BE8A2BFD2C7A06DA000BBF3F /* SDWebImage in Frameworks */,
				BE5BE7882C790E8800025994 /* FirebaseFirestoreCombine-Community in Frameworks */,
				BE5BE78C2C790E8800025994 /* FirebaseStorage in Frameworks */,
				BE5BE7862C790E8800025994 /* FirebaseFirestore in Frameworks */,
				BE5BE78E2C790E8800025994 /* FirebaseStorageCombine-Community in Frameworks */,
				BE5BE7802C790E8800025994 /* FirebaseAuth in Frameworks */,
			);
			runOnlyForDeploymentPostprocessing = 0;
		};
/* End PBXFrameworksBuildPhase section */

/* Begin PBXGroup section */
		BE076C2E2C7609740086D3AA /* App */ = {
			isa = PBXGroup;
			children = (
				BE88F18D2C6CC587006AAA84 /* AppDelegate.swift */,
				BE5BE77C2C790CA100025994 /* GoogleService-Info.plist */,
				BE88F19E2C6CC588006AAA84 /* Info.plist */,
				BE15E2672C959FBB0024DF47 /* iBuyDataModel.xcdatamodeld */,
			);
			path = App;
			sourceTree = "<group>";
		};
		BE076C2F2C7609970086D3AA /* Factory */ = {
			isa = PBXGroup;
			children = (
				BE076C302C7609EE0086D3AA /* HomeSectionFactory.swift */,
				BE8A2BFE2C7A1E4E000BBF3F /* LabelFactory.swift */,
				BE8A2C002C7A2235000BBF3F /* ButtonFactory.swift */,
				BEDC794B2C80C4DA00AA1F15 /* ImageFactory.swift */,
				BEF63B992C837D5E0072E625 /* StackViewFactory.swift */,
			);
			path = Factory;
			sourceTree = "<group>";
		};
		BE0B29822C737FD300A13C83 /* Extensions */ = {
			isa = PBXGroup;
			children = (
				BE0B29832C737FEE00A13C83 /* CGFloat+Ext.swift */,
			);
			path = Extensions;
			sourceTree = "<group>";
		};
		BE15E2782C95C4AE0024DF47 /* View */ = {
			isa = PBXGroup;
			children = (
				BE15E2792C95C4BB0024DF47 /* CartCell.swift */,
				BE01DD7D2C970D6A003F2337 /* CartHeaderView.swift */,
			);
			path = View;
			sourceTree = "<group>";
		};
		BE24F6FC2C74B4B70049D440 /* View */ = {
			isa = PBXGroup;
			children = (
				BE24F7092C74CFE70049D440 /* FeatureCell.swift */,
				BE24F7022C74BB1B0049D440 /* CategoryCell.swift */,
				BE24F7042C74BB260049D440 /* ProductCell.swift */,
				BE076C2C2C75E62C0086D3AA /* HomeHeaderView.swift */,
			);
			path = View;
			sourceTree = "<group>";
		};
		BE24F6FF2C74B9070049D440 /* Constants */ = {
			isa = PBXGroup;
			children = (
				BE24F7002C74BAA80049D440 /* ReuseID.swift */,
				BE4C7F062C7CE8B200DE88BD /* FirebaseConstants.swift */,
			);
			path = Constants;
			sourceTree = "<group>";
		};
		BE5BE78F2C79171000025994 /* Model */ = {
			isa = PBXGroup;
			children = (
				BE5BE7902C79175000025994 /* iBuyModel.swift */,
			);
			path = Model;
			sourceTree = "<group>";
		};
		BE5BE7922C79237E00025994 /* Service */ = {
			isa = PBXGroup;
			children = (
				BE5BE7932C79241200025994 /* FirebaseService.swift */,
				BE4C7F082C7CE90A00DE88BD /* ServiceError.swift */,
				BE15E2652C959E180024DF47 /* CoreDataService.swift */,
			);
			path = Service;
			sourceTree = "<group>";
		};
		BE88F1812C6CC587006AAA84 = {
			isa = PBXGroup;
			children = (
				BE88F18C2C6CC587006AAA84 /* iBuy */,
				BE88F18B2C6CC587006AAA84 /* Products */,
			);
			sourceTree = "<group>";
		};
		BE88F18B2C6CC587006AAA84 /* Products */ = {
			isa = PBXGroup;
			children = (
				BE88F18A2C6CC587006AAA84 /* iBuy.app */,
			);
			name = Products;
			sourceTree = "<group>";
		};
		BE88F18C2C6CC587006AAA84 /* iBuy */ = {
			isa = PBXGroup;
			children = (
				BE076C2E2C7609740086D3AA /* App */,
				BEF63B9D2C8386B70072E625 /* Utilities */,
				BE5BE7922C79237E00025994 /* Service */,
				BE5BE78F2C79171000025994 /* Model */,
				BE076C2F2C7609970086D3AA /* Factory */,
				BE88F1A82C6CC793006AAA84 /* Controller */,
				BE88F1A52C6CC5FE006AAA84 /* Scenes */,
				BE88F1A42C6CC595006AAA84 /* Resource */,
			);
			path = iBuy;
			sourceTree = "<group>";
		};
		BE88F1A42C6CC595006AAA84 /* Resource */ = {
			isa = PBXGroup;
			children = (
				BE88F1992C6CC588006AAA84 /* Assets.xcassets */,
				BE88F19B2C6CC588006AAA84 /* LaunchScreen.storyboard */,
			);
			path = Resource;
			sourceTree = "<group>";
		};
		BE88F1A52C6CC5FE006AAA84 /* Scenes */ = {
			isa = PBXGroup;
			children = (
				BE88F1A92C6CCF50006AAA84 /* Home */,
				BEBA2F9F2C875A5E007D2DB0 /* Detail */,
				BE88F1AA2C6CCF5A006AAA84 /* Cart */,
			);
			path = Scenes;
			sourceTree = "<group>";
		};
		BE88F1A82C6CC793006AAA84 /* Controller */ = {
			isa = PBXGroup;
			children = (
				BE88F1A62C6CC78E006AAA84 /* MainVC.swift */,
			);
			path = Controller;
			sourceTree = "<group>";
		};
		BE88F1A92C6CCF50006AAA84 /* Home */ = {
			isa = PBXGroup;
			children = (
				BE24F6FC2C74B4B70049D440 /* View */,
				BE0548952C72125400EEF408 /* HomeBuilder.swift */,
				BE0548942C72125400EEF408 /* HomeViewController.swift */,
				BE0548932C72125400EEF408 /* HomeModels.swift */,
				BE0548912C72125400EEF408 /* HomeWorker.swift */,
				BE0548962C72125400EEF408 /* HomeInteractor.swift */,
				BE0548902C72125400EEF408 /* HomePresenter.swift */,
				BE0548922C72125400EEF408 /* HomeRouter.swift */,
			);
			path = Home;
			sourceTree = "<group>";
		};
		BE88F1AA2C6CCF5A006AAA84 /* Cart */ = {
			isa = PBXGroup;
			children = (
				BE15E2782C95C4AE0024DF47 /* View */,
				BE15E26F2C95C03A0024DF47 /* CartBuilder.swift */,
				BE15E26E2C95C03A0024DF47 /* CartViewController.swift */,
				BE15E26D2C95C03A0024DF47 /* CartModels.swift */,
				BE15E26B2C95C03A0024DF47 /* CartWorker.swift */,
				BE15E2702C95C03A0024DF47 /* CartInteractor.swift */,
				BE15E26A2C95C03A0024DF47 /* CartPresenter.swift */,
				BE15E26C2C95C03A0024DF47 /* CartRouter.swift */,
			);
			path = Cart;
			sourceTree = "<group>";
		};
		BEBA2F9F2C875A5E007D2DB0 /* Detail */ = {
			isa = PBXGroup;
			children = (
				BEBA2FAE2C8761ED007D2DB0 /* View */,
				BEBA2FA52C875F39007D2DB0 /* DetailBuilder.swift */,
				BEBA2FA42C875F39007D2DB0 /* DetailViewController.swift */,
				BEBA2FA32C875F39007D2DB0 /* DetailModels.swift */,
				BEBA2FA12C875F39007D2DB0 /* DetailWorker.swift */,
				BEBA2FA62C875F39007D2DB0 /* DetailInteractor.swift */,
				BEBA2FA02C875F39007D2DB0 /* DetailPresenter.swift */,
			);
			path = Detail;
			sourceTree = "<group>";
		};
		BEBA2FAE2C8761ED007D2DB0 /* View */ = {
			isa = PBXGroup;
			children = (
				BEBA2FAF2C87621D007D2DB0 /* ProductView.swift */,
			);
			path = View;
			sourceTree = "<group>";
		};
		BEF63B9D2C8386B70072E625 /* Utilities */ = {
			isa = PBXGroup;
			children = (
				BE24F6FF2C74B9070049D440 /* Constants */,
				BE0B29822C737FD300A13C83 /* Extensions */,
				BEF63B9E2C8386C00072E625 /* Enums */,
			);
			path = Utilities;
			sourceTree = "<group>";
		};
		BEF63B9E2C8386C00072E625 /* Enums */ = {
			isa = PBXGroup;
			children = (
				BEF63B9B2C83848B0072E625 /* Category.swift */,
				BEF63B9F2C8387280072E625 /* SectionType.swift */,
			);
			path = Enums;
			sourceTree = "<group>";
		};
/* End PBXGroup section */

/* Begin PBXNativeTarget section */
		BE88F1892C6CC587006AAA84 /* iBuy */ = {
			isa = PBXNativeTarget;
			buildConfigurationList = BE88F1A12C6CC588006AAA84 /* Build configuration list for PBXNativeTarget "iBuy" */;
			buildPhases = (
				BE88F1862C6CC587006AAA84 /* Sources */,
				BE88F1872C6CC587006AAA84 /* Frameworks */,
				BE88F1882C6CC587006AAA84 /* Resources */,
			);
			buildRules = (
			);
			dependencies = (
			);
			name = iBuy;
			packageProductDependencies = (
				BE05489F2C72145A00EEF408 /* SnapKit */,
				BE5BE77F2C790E8800025994 /* FirebaseAuth */,
				BE5BE7812C790E8800025994 /* FirebaseAuthCombine-Community */,
				BE5BE7832C790E8800025994 /* FirebaseDatabase */,
				BE5BE7852C790E8800025994 /* FirebaseFirestore */,
				BE5BE7872C790E8800025994 /* FirebaseFirestoreCombine-Community */,
				BE5BE7892C790E8800025994 /* FirebaseInstallations */,
				BE5BE78B2C790E8800025994 /* FirebaseStorage */,
				BE5BE78D2C790E8800025994 /* FirebaseStorageCombine-Community */,
				BE8A2BFC2C7A06DA000BBF3F /* SDWebImage */,
			);
			productName = "e-commerceApp";
			productReference = BE88F18A2C6CC587006AAA84 /* iBuy.app */;
			productType = "com.apple.product-type.application";
		};
/* End PBXNativeTarget section */

/* Begin PBXProject section */
		BE88F1822C6CC587006AAA84 /* Project object */ = {
			isa = PBXProject;
			attributes = {
				BuildIndependentTargetsInParallel = 1;
				LastSwiftUpdateCheck = 1520;
				LastUpgradeCheck = 1520;
				TargetAttributes = {
					BE88F1892C6CC587006AAA84 = {
						CreatedOnToolsVersion = 15.2;
					};
				};
			};
			buildConfigurationList = BE88F1852C6CC587006AAA84 /* Build configuration list for PBXProject "iBuy" */;
			compatibilityVersion = "Xcode 14.0";
			developmentRegion = en;
			hasScannedForEncodings = 0;
			knownRegions = (
				en,
				Base,
			);
			mainGroup = BE88F1812C6CC587006AAA84;
			packageReferences = (
				BE05489E2C72145A00EEF408 /* XCRemoteSwiftPackageReference "SnapKit" */,
				BE5BE77E2C790E8800025994 /* XCRemoteSwiftPackageReference "firebase-ios-sdk" */,
				BE8A2BFB2C7A06D9000BBF3F /* XCRemoteSwiftPackageReference "SDWebImage" */,
			);
			productRefGroup = BE88F18B2C6CC587006AAA84 /* Products */;
			projectDirPath = "";
			projectRoot = "";
			targets = (
				BE88F1892C6CC587006AAA84 /* iBuy */,
			);
		};
/* End PBXProject section */

/* Begin PBXResourcesBuildPhase section */
		BE88F1882C6CC587006AAA84 /* Resources */ = {
			isa = PBXResourcesBuildPhase;
			buildActionMask = 2147483647;
			files = (
				BE88F19D2C6CC588006AAA84 /* LaunchScreen.storyboard in Resources */,
				BE88F19A2C6CC588006AAA84 /* Assets.xcassets in Resources */,
				BE5BE77D2C790CA100025994 /* GoogleService-Info.plist in Resources */,
			);
			runOnlyForDeploymentPostprocessing = 0;
		};
/* End PBXResourcesBuildPhase section */

/* Begin PBXSourcesBuildPhase section */
		BE88F1862C6CC587006AAA84 /* Sources */ = {
			isa = PBXSourcesBuildPhase;
			buildActionMask = 2147483647;
			files = (
				BE88F1A72C6CC78E006AAA84 /* MainVC.swift in Sources */,
				BE0548992C72125400EEF408 /* HomeRouter.swift in Sources */,
				BE15E2742C95C03A0024DF47 /* CartModels.swift in Sources */,
				BEBA2FA72C875F39007D2DB0 /* DetailPresenter.swift in Sources */,
				BE88F18E2C6CC587006AAA84 /* AppDelegate.swift in Sources */,
				BEBA2FB02C87621D007D2DB0 /* ProductView.swift in Sources */,
				BE8A2BFF2C7A1E4E000BBF3F /* LabelFactory.swift in Sources */,
				BE15E27A2C95C4BB0024DF47 /* CartCell.swift in Sources */,
				BE24F7032C74BB1B0049D440 /* CategoryCell.swift in Sources */,
				BE15E2662C959E180024DF47 /* CoreDataService.swift in Sources */,
				BE5BE7942C79241200025994 /* FirebaseService.swift in Sources */,
				BE8A2C012C7A2235000BBF3F /* ButtonFactory.swift in Sources */,
				BEBA2FAC2C875F39007D2DB0 /* DetailBuilder.swift in Sources */,
				BE15E2752C95C03A0024DF47 /* CartViewController.swift in Sources */,
				BEBA2FAA2C875F39007D2DB0 /* DetailModels.swift in Sources */,
				BE15E2762C95C03A0024DF47 /* CartBuilder.swift in Sources */,
				BE24F7052C74BB260049D440 /* ProductCell.swift in Sources */,
				BE0B29842C737FEE00A13C83 /* CGFloat+Ext.swift in Sources */,
				BE15E2732C95C03A0024DF47 /* CartRouter.swift in Sources */,
				BE15E2692C959FBB0024DF47 /* iBuyDataModel.xcdatamodeld in Sources */,
				BEBA2FAD2C875F39007D2DB0 /* DetailInteractor.swift in Sources */,
				BE15E2772C95C03A0024DF47 /* CartInteractor.swift in Sources */,
				BE05489D2C72125400EEF408 /* HomeInteractor.swift in Sources */,
				BE01DD7E2C970D6A003F2337 /* CartHeaderView.swift in Sources */,
				BEF63B9A2C837D5E0072E625 /* StackViewFactory.swift in Sources */,
				BE24F70A2C74CFE70049D440 /* FeatureCell.swift in Sources */,
				BEDC794C2C80C4DA00AA1F15 /* ImageFactory.swift in Sources */,
				BE15E2712C95C03A0024DF47 /* CartPresenter.swift in Sources */,
				BE15E2722C95C03A0024DF47 /* CartWorker.swift in Sources */,
				BE24F7012C74BAA80049D440 /* ReuseID.swift in Sources */,
				BE05489B2C72125400EEF408 /* HomeViewController.swift in Sources */,
				BE0548982C72125400EEF408 /* HomeWorker.swift in Sources */,
				BEF63B9C2C83848B0072E625 /* Category.swift in Sources */,
				BEBA2FAB2C875F39007D2DB0 /* DetailViewController.swift in Sources */,
				BE5BE7912C79175000025994 /* iBuyModel.swift in Sources */,
				BE076C312C7609EE0086D3AA /* HomeSectionFactory.swift in Sources */,
				BE05489C2C72125400EEF408 /* HomeBuilder.swift in Sources */,
				BE0548972C72125400EEF408 /* HomePresenter.swift in Sources */,
				BE4C7F092C7CE90A00DE88BD /* ServiceError.swift in Sources */,
				BE05489A2C72125400EEF408 /* HomeModels.swift in Sources */,
				BEF63BA02C8387280072E625 /* SectionType.swift in Sources */,
				BE076C2D2C75E62C0086D3AA /* HomeHeaderView.swift in Sources */,
				BEBA2FA82C875F39007D2DB0 /* DetailWorker.swift in Sources */,
				BE4C7F072C7CE8B200DE88BD /* FirebaseConstants.swift in Sources */,
			);
			runOnlyForDeploymentPostprocessing = 0;
		};
/* End PBXSourcesBuildPhase section */

/* Begin PBXVariantGroup section */
		BE88F19B2C6CC588006AAA84 /* LaunchScreen.storyboard */ = {
			isa = PBXVariantGroup;
			children = (
				BE88F19C2C6CC588006AAA84 /* Base */,
			);
			name = LaunchScreen.storyboard;
			sourceTree = "<group>";
		};
/* End PBXVariantGroup section */

/* Begin XCBuildConfiguration section */
		BE88F19F2C6CC588006AAA84 /* Debug */ = {
			isa = XCBuildConfiguration;
			buildSettings = {
				ALWAYS_SEARCH_USER_PATHS = NO;
				ASSETCATALOG_COMPILER_GENERATE_SWIFT_ASSET_SYMBOL_EXTENSIONS = YES;
				CLANG_ANALYZER_NONNULL = YES;
				CLANG_ANALYZER_NUMBER_OBJECT_CONVERSION = YES_AGGRESSIVE;
				CLANG_CXX_LANGUAGE_STANDARD = "gnu++20";
				CLANG_ENABLE_MODULES = YES;
				CLANG_ENABLE_OBJC_ARC = YES;
				CLANG_ENABLE_OBJC_WEAK = YES;
				CLANG_WARN_BLOCK_CAPTURE_AUTORELEASING = YES;
				CLANG_WARN_BOOL_CONVERSION = YES;
				CLANG_WARN_COMMA = YES;
				CLANG_WARN_CONSTANT_CONVERSION = YES;
				CLANG_WARN_DEPRECATED_OBJC_IMPLEMENTATIONS = YES;
				CLANG_WARN_DIRECT_OBJC_ISA_USAGE = YES_ERROR;
				CLANG_WARN_DOCUMENTATION_COMMENTS = YES;
				CLANG_WARN_EMPTY_BODY = YES;
				CLANG_WARN_ENUM_CONVERSION = YES;
				CLANG_WARN_INFINITE_RECURSION = YES;
				CLANG_WARN_INT_CONVERSION = YES;
				CLANG_WARN_NON_LITERAL_NULL_CONVERSION = YES;
				CLANG_WARN_OBJC_IMPLICIT_RETAIN_SELF = YES;
				CLANG_WARN_OBJC_LITERAL_CONVERSION = YES;
				CLANG_WARN_OBJC_ROOT_CLASS = YES_ERROR;
				CLANG_WARN_QUOTED_INCLUDE_IN_FRAMEWORK_HEADER = YES;
				CLANG_WARN_RANGE_LOOP_ANALYSIS = YES;
				CLANG_WARN_STRICT_PROTOTYPES = YES;
				CLANG_WARN_SUSPICIOUS_MOVE = YES;
				CLANG_WARN_UNGUARDED_AVAILABILITY = YES_AGGRESSIVE;
				CLANG_WARN_UNREACHABLE_CODE = YES;
				CLANG_WARN__DUPLICATE_METHOD_MATCH = YES;
				COPY_PHASE_STRIP = NO;
				DEBUG_INFORMATION_FORMAT = dwarf;
				ENABLE_STRICT_OBJC_MSGSEND = YES;
				ENABLE_TESTABILITY = YES;
				ENABLE_USER_SCRIPT_SANDBOXING = YES;
				GCC_C_LANGUAGE_STANDARD = gnu17;
				GCC_DYNAMIC_NO_PIC = NO;
				GCC_NO_COMMON_BLOCKS = YES;
				GCC_OPTIMIZATION_LEVEL = 0;
				GCC_PREPROCESSOR_DEFINITIONS = (
					"DEBUG=1",
					"$(inherited)",
				);
				GCC_WARN_64_TO_32_BIT_CONVERSION = YES;
				GCC_WARN_ABOUT_RETURN_TYPE = YES_ERROR;
				GCC_WARN_UNDECLARED_SELECTOR = YES;
				GCC_WARN_UNINITIALIZED_AUTOS = YES_AGGRESSIVE;
				GCC_WARN_UNUSED_FUNCTION = YES;
				GCC_WARN_UNUSED_VARIABLE = YES;
				IPHONEOS_DEPLOYMENT_TARGET = 17.2;
				LOCALIZATION_PREFERS_STRING_CATALOGS = YES;
				MTL_ENABLE_DEBUG_INFO = INCLUDE_SOURCE;
				MTL_FAST_MATH = YES;
				ONLY_ACTIVE_ARCH = YES;
				SDKROOT = iphoneos;
				SWIFT_ACTIVE_COMPILATION_CONDITIONS = "DEBUG $(inherited)";
				SWIFT_OPTIMIZATION_LEVEL = "-Onone";
			};
			name = Debug;
		};
		BE88F1A02C6CC588006AAA84 /* Release */ = {
			isa = XCBuildConfiguration;
			buildSettings = {
				ALWAYS_SEARCH_USER_PATHS = NO;
				ASSETCATALOG_COMPILER_GENERATE_SWIFT_ASSET_SYMBOL_EXTENSIONS = YES;
				CLANG_ANALYZER_NONNULL = YES;
				CLANG_ANALYZER_NUMBER_OBJECT_CONVERSION = YES_AGGRESSIVE;
				CLANG_CXX_LANGUAGE_STANDARD = "gnu++20";
				CLANG_ENABLE_MODULES = YES;
				CLANG_ENABLE_OBJC_ARC = YES;
				CLANG_ENABLE_OBJC_WEAK = YES;
				CLANG_WARN_BLOCK_CAPTURE_AUTORELEASING = YES;
				CLANG_WARN_BOOL_CONVERSION = YES;
				CLANG_WARN_COMMA = YES;
				CLANG_WARN_CONSTANT_CONVERSION = YES;
				CLANG_WARN_DEPRECATED_OBJC_IMPLEMENTATIONS = YES;
				CLANG_WARN_DIRECT_OBJC_ISA_USAGE = YES_ERROR;
				CLANG_WARN_DOCUMENTATION_COMMENTS = YES;
				CLANG_WARN_EMPTY_BODY = YES;
				CLANG_WARN_ENUM_CONVERSION = YES;
				CLANG_WARN_INFINITE_RECURSION = YES;
				CLANG_WARN_INT_CONVERSION = YES;
				CLANG_WARN_NON_LITERAL_NULL_CONVERSION = YES;
				CLANG_WARN_OBJC_IMPLICIT_RETAIN_SELF = YES;
				CLANG_WARN_OBJC_LITERAL_CONVERSION = YES;
				CLANG_WARN_OBJC_ROOT_CLASS = YES_ERROR;
				CLANG_WARN_QUOTED_INCLUDE_IN_FRAMEWORK_HEADER = YES;
				CLANG_WARN_RANGE_LOOP_ANALYSIS = YES;
				CLANG_WARN_STRICT_PROTOTYPES = YES;
				CLANG_WARN_SUSPICIOUS_MOVE = YES;
				CLANG_WARN_UNGUARDED_AVAILABILITY = YES_AGGRESSIVE;
				CLANG_WARN_UNREACHABLE_CODE = YES;
				CLANG_WARN__DUPLICATE_METHOD_MATCH = YES;
				COPY_PHASE_STRIP = NO;
				DEBUG_INFORMATION_FORMAT = "dwarf-with-dsym";
				ENABLE_NS_ASSERTIONS = NO;
				ENABLE_STRICT_OBJC_MSGSEND = YES;
				ENABLE_USER_SCRIPT_SANDBOXING = YES;
				GCC_C_LANGUAGE_STANDARD = gnu17;
				GCC_NO_COMMON_BLOCKS = YES;
				GCC_WARN_64_TO_32_BIT_CONVERSION = YES;
				GCC_WARN_ABOUT_RETURN_TYPE = YES_ERROR;
				GCC_WARN_UNDECLARED_SELECTOR = YES;
				GCC_WARN_UNINITIALIZED_AUTOS = YES_AGGRESSIVE;
				GCC_WARN_UNUSED_FUNCTION = YES;
				GCC_WARN_UNUSED_VARIABLE = YES;
				IPHONEOS_DEPLOYMENT_TARGET = 17.2;
				LOCALIZATION_PREFERS_STRING_CATALOGS = YES;
				MTL_ENABLE_DEBUG_INFO = NO;
				MTL_FAST_MATH = YES;
				ONLY_ACTIVE_ARCH = YES;
				SDKROOT = iphoneos;
				SWIFT_COMPILATION_MODE = wholemodule;
				VALIDATE_PRODUCT = YES;
			};
			name = Release;
		};
		BE88F1A22C6CC588006AAA84 /* Debug */ = {
			isa = XCBuildConfiguration;
			buildSettings = {
				ASSETCATALOG_COMPILER_APPICON_NAME = AppIcon;
				ASSETCATALOG_COMPILER_GLOBAL_ACCENT_COLOR_NAME = AccentColor;
				CODE_SIGN_STYLE = Automatic;
				CURRENT_PROJECT_VERSION = 1;
				DEVELOPMENT_TEAM = 9N2C3RSUH8;
				ENABLE_TESTING_SEARCH_PATHS = YES;
				GENERATE_INFOPLIST_FILE = YES;
				INFOPLIST_FILE = iBuy/App/Info.plist;
				INFOPLIST_KEY_UIApplicationSupportsIndirectInputEvents = YES;
				INFOPLIST_KEY_UILaunchStoryboardName = LaunchScreen;
				INFOPLIST_KEY_UISupportedInterfaceOrientations_iPad = "UIInterfaceOrientationPortrait UIInterfaceOrientationPortraitUpsideDown UIInterfaceOrientationLandscapeLeft UIInterfaceOrientationLandscapeRight";
				INFOPLIST_KEY_UISupportedInterfaceOrientations_iPhone = "UIInterfaceOrientationPortrait UIInterfaceOrientationLandscapeLeft UIInterfaceOrientationLandscapeRight";
				IPHONEOS_DEPLOYMENT_TARGET = 17.0;
				LD_RUNPATH_SEARCH_PATHS = (
					"$(inherited)",
					"@executable_path/Frameworks",
				);
				MARKETING_VERSION = 1.0;
				PRODUCT_BUNDLE_IDENTIFIER = com.iosdevbaran.iBuy;
				PRODUCT_NAME = "$(TARGET_NAME)";
				SWIFT_EMIT_LOC_STRINGS = YES;
				SWIFT_VERSION = 5.0;
				TARGETED_DEVICE_FAMILY = "1,2";
			};
			name = Debug;
		};
		BE88F1A32C6CC588006AAA84 /* Release */ = {
			isa = XCBuildConfiguration;
			buildSettings = {
				ASSETCATALOG_COMPILER_APPICON_NAME = AppIcon;
				ASSETCATALOG_COMPILER_GLOBAL_ACCENT_COLOR_NAME = AccentColor;
				CODE_SIGN_STYLE = Automatic;
				CURRENT_PROJECT_VERSION = 1;
				DEVELOPMENT_TEAM = 9N2C3RSUH8;
				ENABLE_TESTING_SEARCH_PATHS = YES;
				GENERATE_INFOPLIST_FILE = YES;
				INFOPLIST_FILE = iBuy/App/Info.plist;
				INFOPLIST_KEY_UIApplicationSupportsIndirectInputEvents = YES;
				INFOPLIST_KEY_UILaunchStoryboardName = LaunchScreen;
				INFOPLIST_KEY_UISupportedInterfaceOrientations_iPad = "UIInterfaceOrientationPortrait UIInterfaceOrientationPortraitUpsideDown UIInterfaceOrientationLandscapeLeft UIInterfaceOrientationLandscapeRight";
				INFOPLIST_KEY_UISupportedInterfaceOrientations_iPhone = "UIInterfaceOrientationPortrait UIInterfaceOrientationLandscapeLeft UIInterfaceOrientationLandscapeRight";
				IPHONEOS_DEPLOYMENT_TARGET = 17.0;
				LD_RUNPATH_SEARCH_PATHS = (
					"$(inherited)",
					"@executable_path/Frameworks",
				);
				MARKETING_VERSION = 1.0;
				PRODUCT_BUNDLE_IDENTIFIER = com.iosdevbaran.iBuy;
				PRODUCT_NAME = "$(TARGET_NAME)";
				SWIFT_EMIT_LOC_STRINGS = YES;
				SWIFT_VERSION = 5.0;
				TARGETED_DEVICE_FAMILY = "1,2";
			};
			name = Release;
		};
/* End XCBuildConfiguration section */

/* Begin XCConfigurationList section */
		BE88F1852C6CC587006AAA84 /* Build configuration list for PBXProject "iBuy" */ = {
			isa = XCConfigurationList;
			buildConfigurations = (
				BE88F19F2C6CC588006AAA84 /* Debug */,
				BE88F1A02C6CC588006AAA84 /* Release */,
			);
			defaultConfigurationIsVisible = 0;
			defaultConfigurationName = Release;
		};
		BE88F1A12C6CC588006AAA84 /* Build configuration list for PBXNativeTarget "iBuy" */ = {
			isa = XCConfigurationList;
			buildConfigurations = (
				BE88F1A22C6CC588006AAA84 /* Debug */,
				BE88F1A32C6CC588006AAA84 /* Release */,
			);
			defaultConfigurationIsVisible = 0;
			defaultConfigurationName = Release;
		};
/* End XCConfigurationList section */

/* Begin XCRemoteSwiftPackageReference section */
		BE05489E2C72145A00EEF408 /* XCRemoteSwiftPackageReference "SnapKit" */ = {
			isa = XCRemoteSwiftPackageReference;
			repositoryURL = "https://github.com/SnapKit/SnapKit.git";
			requirement = {
				kind = upToNextMajorVersion;
				minimumVersion = 5.7.1;
			};
		};
		BE5BE77E2C790E8800025994 /* XCRemoteSwiftPackageReference "firebase-ios-sdk" */ = {
			isa = XCRemoteSwiftPackageReference;
			repositoryURL = "https://github.com/firebase/firebase-ios-sdk.git";
			requirement = {
				kind = upToNextMajorVersion;
				minimumVersion = 11.1.0;
			};
		};
		BE8A2BFB2C7A06D9000BBF3F /* XCRemoteSwiftPackageReference "SDWebImage" */ = {
			isa = XCRemoteSwiftPackageReference;
			repositoryURL = "https://github.com/SDWebImage/SDWebImage.git";
			requirement = {
				kind = upToNextMajorVersion;
				minimumVersion = 5.19.7;
			};
		};
/* End XCRemoteSwiftPackageReference section */

/* Begin XCSwiftPackageProductDependency section */
		BE05489F2C72145A00EEF408 /* SnapKit */ = {
			isa = XCSwiftPackageProductDependency;
			package = BE05489E2C72145A00EEF408 /* XCRemoteSwiftPackageReference "SnapKit" */;
			productName = SnapKit;
		};
		BE5BE77F2C790E8800025994 /* FirebaseAuth */ = {
			isa = XCSwiftPackageProductDependency;
			package = BE5BE77E2C790E8800025994 /* XCRemoteSwiftPackageReference "firebase-ios-sdk" */;
			productName = FirebaseAuth;
		};
		BE5BE7812C790E8800025994 /* FirebaseAuthCombine-Community */ = {
			isa = XCSwiftPackageProductDependency;
			package = BE5BE77E2C790E8800025994 /* XCRemoteSwiftPackageReference "firebase-ios-sdk" */;
			productName = "FirebaseAuthCombine-Community";
		};
		BE5BE7832C790E8800025994 /* FirebaseDatabase */ = {
			isa = XCSwiftPackageProductDependency;
			package = BE5BE77E2C790E8800025994 /* XCRemoteSwiftPackageReference "firebase-ios-sdk" */;
			productName = FirebaseDatabase;
		};
		BE5BE7852C790E8800025994 /* FirebaseFirestore */ = {
			isa = XCSwiftPackageProductDependency;
			package = BE5BE77E2C790E8800025994 /* XCRemoteSwiftPackageReference "firebase-ios-sdk" */;
			productName = FirebaseFirestore;
		};
		BE5BE7872C790E8800025994 /* FirebaseFirestoreCombine-Community */ = {
			isa = XCSwiftPackageProductDependency;
			package = BE5BE77E2C790E8800025994 /* XCRemoteSwiftPackageReference "firebase-ios-sdk" */;
			productName = "FirebaseFirestoreCombine-Community";
		};
		BE5BE7892C790E8800025994 /* FirebaseInstallations */ = {
			isa = XCSwiftPackageProductDependency;
			package = BE5BE77E2C790E8800025994 /* XCRemoteSwiftPackageReference "firebase-ios-sdk" */;
			productName = FirebaseInstallations;
		};
		BE5BE78B2C790E8800025994 /* FirebaseStorage */ = {
			isa = XCSwiftPackageProductDependency;
			package = BE5BE77E2C790E8800025994 /* XCRemoteSwiftPackageReference "firebase-ios-sdk" */;
			productName = FirebaseStorage;
		};
		BE5BE78D2C790E8800025994 /* FirebaseStorageCombine-Community */ = {
			isa = XCSwiftPackageProductDependency;
			package = BE5BE77E2C790E8800025994 /* XCRemoteSwiftPackageReference "firebase-ios-sdk" */;
			productName = "FirebaseStorageCombine-Community";
		};
		BE8A2BFC2C7A06DA000BBF3F /* SDWebImage */ = {
			isa = XCSwiftPackageProductDependency;
			package = BE8A2BFB2C7A06D9000BBF3F /* XCRemoteSwiftPackageReference "SDWebImage" */;
			productName = SDWebImage;
		};
/* End XCSwiftPackageProductDependency section */

/* Begin XCVersionGroup section */
		BE15E2672C959FBB0024DF47 /* iBuyDataModel.xcdatamodeld */ = {
			isa = XCVersionGroup;
			children = (
				BE15E2682C959FBB0024DF47 /* iBuyDataModel.xcdatamodel */,
			);
			currentVersion = BE15E2682C959FBB0024DF47 /* iBuyDataModel.xcdatamodel */;
			path = iBuyDataModel.xcdatamodeld;
			sourceTree = "<group>";
			versionGroupType = wrapper.xcdatamodel;
		};
/* End XCVersionGroup section */
	};
	rootObject = BE88F1822C6CC587006AAA84 /* Project object */;
}
