// !$*UTF8*$!
{
	archiveVersion = 1;
	classes = {
	};
	objectVersion = 56;
	objects = {

/* Begin PBXBuildFile section */
		BE0548972C72125400EEF408 /* HomePresenter.swift in Sources */ = {isa = PBXBuildFile; fileRef = BE0548902C72125400EEF408 /* HomePresenter.swift */; };
		BE0548982C72125400EEF408 /* HomeWorker.swift in Sources */ = {isa = PBXBuildFile; fileRef = BE0548912C72125400EEF408 /* HomeWorker.swift */; };
		BE0548992C72125400EEF408 /* HomeRouter.swift in Sources */ = {isa = PBXBuildFile; fileRef = BE0548922C72125400EEF408 /* HomeRouter.swift */; };
		BE05489A2C72125400EEF408 /* HomeModels.swift in Sources */ = {isa = PBXBuildFile; fileRef = BE0548932C72125400EEF408 /* HomeModels.swift */; };
		BE05489B2C72125400EEF408 /* HomeViewController.swift in Sources */ = {isa = PBXBuildFile; fileRef = BE0548942C72125400EEF408 /* HomeViewController.swift */; };
		BE05489C2C72125400EEF408 /* HomeBuilder.swift in Sources */ = {isa = PBXBuildFile; fileRef = BE0548952C72125400EEF408 /* HomeBuilder.swift */; };
		BE05489D2C72125400EEF408 /* HomeInteractor.swift in Sources */ = {isa = PBXBuildFile; fileRef = BE0548962C72125400EEF408 /* HomeInteractor.swift */; };
		BE0548A02C72145A00EEF408 /* SnapKit in Frameworks */ = {isa = PBXBuildFile; productRef = BE05489F2C72145A00EEF408 /* SnapKit */; };
		BE076C2D2C75E62C0086D3AA /* HeaderView.swift in Sources */ = {isa = PBXBuildFile; fileRef = BE076C2C2C75E62C0086D3AA /* HeaderView.swift */; };
		BE0B29842C737FEE00A13C83 /* CGFloat+Ext.swift in Sources */ = {isa = PBXBuildFile; fileRef = BE0B29832C737FEE00A13C83 /* CGFloat+Ext.swift */; };
		BE24F7012C74BAA80049D440 /* ReuseID.swift in Sources */ = {isa = PBXBuildFile; fileRef = BE24F7002C74BAA80049D440 /* ReuseID.swift */; };
		BE24F7032C74BB1B0049D440 /* CategoryCell.swift in Sources */ = {isa = PBXBuildFile; fileRef = BE24F7022C74BB1B0049D440 /* CategoryCell.swift */; };
		BE24F7052C74BB260049D440 /* ProductCell.swift in Sources */ = {isa = PBXBuildFile; fileRef = BE24F7042C74BB260049D440 /* ProductCell.swift */; };
		BE24F70A2C74CFE70049D440 /* FeatureCell.swift in Sources */ = {isa = PBXBuildFile; fileRef = BE24F7092C74CFE70049D440 /* FeatureCell.swift */; };
		BE88F18E2C6CC587006AAA84 /* AppDelegate.swift in Sources */ = {isa = PBXBuildFile; fileRef = BE88F18D2C6CC587006AAA84 /* AppDelegate.swift */; };
		BE88F1982C6CC587006AAA84 /* e_commerceApp.xcdatamodeld in Sources */ = {isa = PBXBuildFile; fileRef = BE88F1962C6CC587006AAA84 /* e_commerceApp.xcdatamodeld */; };
		BE88F19A2C6CC588006AAA84 /* Assets.xcassets in Resources */ = {isa = PBXBuildFile; fileRef = BE88F1992C6CC588006AAA84 /* Assets.xcassets */; };
		BE88F19D2C6CC588006AAA84 /* LaunchScreen.storyboard in Resources */ = {isa = PBXBuildFile; fileRef = BE88F19B2C6CC588006AAA84 /* LaunchScreen.storyboard */; };
		BE88F1A72C6CC78E006AAA84 /* MainVC.swift in Sources */ = {isa = PBXBuildFile; fileRef = BE88F1A62C6CC78E006AAA84 /* MainVC.swift */; };
/* End PBXBuildFile section */

/* Begin PBXFileReference section */
		BE0548902C72125400EEF408 /* HomePresenter.swift */ = {isa = PBXFileReference; lastKnownFileType = sourcecode.swift; path = HomePresenter.swift; sourceTree = "<group>"; };
		BE0548912C72125400EEF408 /* HomeWorker.swift */ = {isa = PBXFileReference; lastKnownFileType = sourcecode.swift; path = HomeWorker.swift; sourceTree = "<group>"; };
		BE0548922C72125400EEF408 /* HomeRouter.swift */ = {isa = PBXFileReference; lastKnownFileType = sourcecode.swift; path = HomeRouter.swift; sourceTree = "<group>"; };
		BE0548932C72125400EEF408 /* HomeModels.swift */ = {isa = PBXFileReference; lastKnownFileType = sourcecode.swift; path = HomeModels.swift; sourceTree = "<group>"; };
		BE0548942C72125400EEF408 /* HomeViewController.swift */ = {isa = PBXFileReference; lastKnownFileType = sourcecode.swift; path = HomeViewController.swift; sourceTree = "<group>"; };
		BE0548952C72125400EEF408 /* HomeBuilder.swift */ = {isa = PBXFileReference; lastKnownFileType = sourcecode.swift; path = HomeBuilder.swift; sourceTree = "<group>"; };
		BE0548962C72125400EEF408 /* HomeInteractor.swift */ = {isa = PBXFileReference; lastKnownFileType = sourcecode.swift; path = HomeInteractor.swift; sourceTree = "<group>"; };
		BE076C2C2C75E62C0086D3AA /* HeaderView.swift */ = {isa = PBXFileReference; lastKnownFileType = sourcecode.swift; path = HeaderView.swift; sourceTree = "<group>"; };
		BE0B29832C737FEE00A13C83 /* CGFloat+Ext.swift */ = {isa = PBXFileReference; lastKnownFileType = sourcecode.swift; path = "CGFloat+Ext.swift"; sourceTree = "<group>"; };
		BE24F7002C74BAA80049D440 /* ReuseID.swift */ = {isa = PBXFileReference; lastKnownFileType = sourcecode.swift; path = ReuseID.swift; sourceTree = "<group>"; };
		BE24F7022C74BB1B0049D440 /* CategoryCell.swift */ = {isa = PBXFileReference; lastKnownFileType = sourcecode.swift; path = CategoryCell.swift; sourceTree = "<group>"; };
		BE24F7042C74BB260049D440 /* ProductCell.swift */ = {isa = PBXFileReference; lastKnownFileType = sourcecode.swift; path = ProductCell.swift; sourceTree = "<group>"; };
		BE24F7092C74CFE70049D440 /* FeatureCell.swift */ = {isa = PBXFileReference; lastKnownFileType = sourcecode.swift; path = FeatureCell.swift; sourceTree = "<group>"; };
		BE88F18A2C6CC587006AAA84 /* e-commerceApp.app */ = {isa = PBXFileReference; explicitFileType = wrapper.application; includeInIndex = 0; path = "e-commerceApp.app"; sourceTree = BUILT_PRODUCTS_DIR; };
		BE88F18D2C6CC587006AAA84 /* AppDelegate.swift */ = {isa = PBXFileReference; lastKnownFileType = sourcecode.swift; path = AppDelegate.swift; sourceTree = "<group>"; };
		BE88F1972C6CC587006AAA84 /* e_commerceApp.xcdatamodel */ = {isa = PBXFileReference; lastKnownFileType = wrapper.xcdatamodel; path = e_commerceApp.xcdatamodel; sourceTree = "<group>"; };
		BE88F1992C6CC588006AAA84 /* Assets.xcassets */ = {isa = PBXFileReference; lastKnownFileType = folder.assetcatalog; path = Assets.xcassets; sourceTree = "<group>"; };
		BE88F19C2C6CC588006AAA84 /* Base */ = {isa = PBXFileReference; lastKnownFileType = file.storyboard; name = Base; path = Base.lproj/LaunchScreen.storyboard; sourceTree = "<group>"; };
		BE88F19E2C6CC588006AAA84 /* Info.plist */ = {isa = PBXFileReference; lastKnownFileType = text.plist.xml; path = Info.plist; sourceTree = "<group>"; };
		BE88F1A62C6CC78E006AAA84 /* MainVC.swift */ = {isa = PBXFileReference; lastKnownFileType = sourcecode.swift; path = MainVC.swift; sourceTree = "<group>"; };
/* End PBXFileReference section */

/* Begin PBXFrameworksBuildPhase section */
		BE88F1872C6CC587006AAA84 /* Frameworks */ = {
			isa = PBXFrameworksBuildPhase;
			buildActionMask = 2147483647;
			files = (
				BE0548A02C72145A00EEF408 /* SnapKit in Frameworks */,
			);
			runOnlyForDeploymentPostprocessing = 0;
		};
/* End PBXFrameworksBuildPhase section */

/* Begin PBXGroup section */
		BE0B29822C737FD300A13C83 /* Extensions */ = {
			isa = PBXGroup;
			children = (
				BE0B29832C737FEE00A13C83 /* CGFloat+Ext.swift */,
			);
			path = Extensions;
			sourceTree = "<group>";
		};
		BE24F6FC2C74B4B70049D440 /* View */ = {
			isa = PBXGroup;
			children = (
				BE24F7092C74CFE70049D440 /* FeatureCell.swift */,
				BE24F7022C74BB1B0049D440 /* CategoryCell.swift */,
				BE24F7042C74BB260049D440 /* ProductCell.swift */,
				BE076C2C2C75E62C0086D3AA /* HeaderView.swift */,
			);
			path = View;
			sourceTree = "<group>";
		};
		BE24F6FF2C74B9070049D440 /* Constants */ = {
			isa = PBXGroup;
			children = (
				BE24F7002C74BAA80049D440 /* ReuseID.swift */,
			);
			path = Constants;
			sourceTree = "<group>";
		};
		BE88F1812C6CC587006AAA84 = {
			isa = PBXGroup;
			children = (
				BE88F18C2C6CC587006AAA84 /* e-commerceApp */,
				BE88F18B2C6CC587006AAA84 /* Products */,
			);
			sourceTree = "<group>";
		};
		BE88F18B2C6CC587006AAA84 /* Products */ = {
			isa = PBXGroup;
			children = (
				BE88F18A2C6CC587006AAA84 /* e-commerceApp.app */,
			);
			name = Products;
			sourceTree = "<group>";
		};
		BE88F18C2C6CC587006AAA84 /* e-commerceApp */ = {
			isa = PBXGroup;
			children = (
				BE88F18D2C6CC587006AAA84 /* AppDelegate.swift */,
				BE24F6FF2C74B9070049D440 /* Constants */,
				BE0B29822C737FD300A13C83 /* Extensions */,
				BE88F1A82C6CC793006AAA84 /* Controller */,
				BE88F1A52C6CC5FE006AAA84 /* Scenes */,
				BE88F1A42C6CC595006AAA84 /* Files */,
				BE88F1962C6CC587006AAA84 /* e_commerceApp.xcdatamodeld */,
			);
			path = "e-commerceApp";
			sourceTree = "<group>";
		};
		BE88F1A42C6CC595006AAA84 /* Files */ = {
			isa = PBXGroup;
			children = (
				BE88F1992C6CC588006AAA84 /* Assets.xcassets */,
				BE88F19B2C6CC588006AAA84 /* LaunchScreen.storyboard */,
				BE88F19E2C6CC588006AAA84 /* Info.plist */,
			);
			path = Files;
			sourceTree = "<group>";
		};
		BE88F1A52C6CC5FE006AAA84 /* Scenes */ = {
			isa = PBXGroup;
			children = (
				BE88F1A92C6CCF50006AAA84 /* Home */,
				BE88F1AA2C6CCF5A006AAA84 /* Cart */,
			);
			path = Scenes;
			sourceTree = "<group>";
		};
		BE88F1A82C6CC793006AAA84 /* Controller */ = {
			isa = PBXGroup;
			children = (
				BE88F1A62C6CC78E006AAA84 /* MainVC.swift */,
			);
			path = Controller;
			sourceTree = "<group>";
		};
		BE88F1A92C6CCF50006AAA84 /* Home */ = {
			isa = PBXGroup;
			children = (
				BE24F6FC2C74B4B70049D440 /* View */,
				BE0548952C72125400EEF408 /* HomeBuilder.swift */,
				BE0548942C72125400EEF408 /* HomeViewController.swift */,
				BE0548902C72125400EEF408 /* HomePresenter.swift */,
				BE0548912C72125400EEF408 /* HomeWorker.swift */,
				BE0548922C72125400EEF408 /* HomeRouter.swift */,
				BE0548932C72125400EEF408 /* HomeModels.swift */,
				BE0548962C72125400EEF408 /* HomeInteractor.swift */,
			);
			path = Home;
			sourceTree = "<group>";
		};
		BE88F1AA2C6CCF5A006AAA84 /* Cart */ = {
			isa = PBXGroup;
			children = (
			);
			path = Cart;
			sourceTree = "<group>";
		};
/* End PBXGroup section */

/* Begin PBXNativeTarget section */
		BE88F1892C6CC587006AAA84 /* e-commerceApp */ = {
			isa = PBXNativeTarget;
			buildConfigurationList = BE88F1A12C6CC588006AAA84 /* Build configuration list for PBXNativeTarget "e-commerceApp" */;
			buildPhases = (
				BE88F1862C6CC587006AAA84 /* Sources */,
				BE88F1872C6CC587006AAA84 /* Frameworks */,
				BE88F1882C6CC587006AAA84 /* Resources */,
			);
			buildRules = (
			);
			dependencies = (
			);
			name = "e-commerceApp";
			packageProductDependencies = (
				BE05489F2C72145A00EEF408 /* SnapKit */,
			);
			productName = "e-commerceApp";
			productReference = BE88F18A2C6CC587006AAA84 /* e-commerceApp.app */;
			productType = "com.apple.product-type.application";
		};
/* End PBXNativeTarget section */

/* Begin PBXProject section */
		BE88F1822C6CC587006AAA84 /* Project object */ = {
			isa = PBXProject;
			attributes = {
				BuildIndependentTargetsInParallel = 1;
				LastSwiftUpdateCheck = 1520;
				LastUpgradeCheck = 1520;
				TargetAttributes = {
					BE88F1892C6CC587006AAA84 = {
						CreatedOnToolsVersion = 15.2;
					};
				};
			};
			buildConfigurationList = BE88F1852C6CC587006AAA84 /* Build configuration list for PBXProject "e-commerceApp" */;
			compatibilityVersion = "Xcode 14.0";
			developmentRegion = en;
			hasScannedForEncodings = 0;
			knownRegions = (
				en,
				Base,
			);
			mainGroup = BE88F1812C6CC587006AAA84;
			packageReferences = (
				BE05489E2C72145A00EEF408 /* XCRemoteSwiftPackageReference "SnapKit" */,
			);
			productRefGroup = BE88F18B2C6CC587006AAA84 /* Products */;
			projectDirPath = "";
			projectRoot = "";
			targets = (
				BE88F1892C6CC587006AAA84 /* e-commerceApp */,
			);
		};
/* End PBXProject section */

/* Begin PBXResourcesBuildPhase section */
		BE88F1882C6CC587006AAA84 /* Resources */ = {
			isa = PBXResourcesBuildPhase;
			buildActionMask = 2147483647;
			files = (
				BE88F19D2C6CC588006AAA84 /* LaunchScreen.storyboard in Resources */,
				BE88F19A2C6CC588006AAA84 /* Assets.xcassets in Resources */,
			);
			runOnlyForDeploymentPostprocessing = 0;
		};
/* End PBXResourcesBuildPhase section */

/* Begin PBXSourcesBuildPhase section */
		BE88F1862C6CC587006AAA84 /* Sources */ = {
			isa = PBXSourcesBuildPhase;
			buildActionMask = 2147483647;
			files = (
				BE88F1A72C6CC78E006AAA84 /* MainVC.swift in Sources */,
				BE0548992C72125400EEF408 /* HomeRouter.swift in Sources */,
				BE88F18E2C6CC587006AAA84 /* AppDelegate.swift in Sources */,
				BE24F7032C74BB1B0049D440 /* CategoryCell.swift in Sources */,
				BE24F7052C74BB260049D440 /* ProductCell.swift in Sources */,
				BE0B29842C737FEE00A13C83 /* CGFloat+Ext.swift in Sources */,
				BE05489D2C72125400EEF408 /* HomeInteractor.swift in Sources */,
				BE24F70A2C74CFE70049D440 /* FeatureCell.swift in Sources */,
				BE24F7012C74BAA80049D440 /* ReuseID.swift in Sources */,
				BE05489B2C72125400EEF408 /* HomeViewController.swift in Sources */,
				BE88F1982C6CC587006AAA84 /* e_commerceApp.xcdatamodeld in Sources */,
				BE0548982C72125400EEF408 /* HomeWorker.swift in Sources */,
				BE05489C2C72125400EEF408 /* HomeBuilder.swift in Sources */,
				BE0548972C72125400EEF408 /* HomePresenter.swift in Sources */,
				BE05489A2C72125400EEF408 /* HomeModels.swift in Sources */,
				BE076C2D2C75E62C0086D3AA /* HeaderView.swift in Sources */,
			);
			runOnlyForDeploymentPostprocessing = 0;
		};
/* End PBXSourcesBuildPhase section */

/* Begin PBXVariantGroup section */
		BE88F19B2C6CC588006AAA84 /* LaunchScreen.storyboard */ = {
			isa = PBXVariantGroup;
			children = (
				BE88F19C2C6CC588006AAA84 /* Base */,
			);
			name = LaunchScreen.storyboard;
			sourceTree = "<group>";
		};
/* End PBXVariantGroup section */

/* Begin XCBuildConfiguration section */
		BE88F19F2C6CC588006AAA84 /* Debug */ = {
			isa = XCBuildConfiguration;
			buildSettings = {
				ALWAYS_SEARCH_USER_PATHS = NO;
				ASSETCATALOG_COMPILER_GENERATE_SWIFT_ASSET_SYMBOL_EXTENSIONS = YES;
				CLANG_ANALYZER_NONNULL = YES;
				CLANG_ANALYZER_NUMBER_OBJECT_CONVERSION = YES_AGGRESSIVE;
				CLANG_CXX_LANGUAGE_STANDARD = "gnu++20";
				CLANG_ENABLE_MODULES = YES;
				CLANG_ENABLE_OBJC_ARC = YES;
				CLANG_ENABLE_OBJC_WEAK = YES;
				CLANG_WARN_BLOCK_CAPTURE_AUTORELEASING = YES;
				CLANG_WARN_BOOL_CONVERSION = YES;
				CLANG_WARN_COMMA = YES;
				CLANG_WARN_CONSTANT_CONVERSION = YES;
				CLANG_WARN_DEPRECATED_OBJC_IMPLEMENTATIONS = YES;
				CLANG_WARN_DIRECT_OBJC_ISA_USAGE = YES_ERROR;
				CLANG_WARN_DOCUMENTATION_COMMENTS = YES;
				CLANG_WARN_EMPTY_BODY = YES;
				CLANG_WARN_ENUM_CONVERSION = YES;
				CLANG_WARN_INFINITE_RECURSION = YES;
				CLANG_WARN_INT_CONVERSION = YES;
				CLANG_WARN_NON_LITERAL_NULL_CONVERSION = YES;
				CLANG_WARN_OBJC_IMPLICIT_RETAIN_SELF = YES;
				CLANG_WARN_OBJC_LITERAL_CONVERSION = YES;
				CLANG_WARN_OBJC_ROOT_CLASS = YES_ERROR;
				CLANG_WARN_QUOTED_INCLUDE_IN_FRAMEWORK_HEADER = YES;
				CLANG_WARN_RANGE_LOOP_ANALYSIS = YES;
				CLANG_WARN_STRICT_PROTOTYPES = YES;
				CLANG_WARN_SUSPICIOUS_MOVE = YES;
				CLANG_WARN_UNGUARDED_AVAILABILITY = YES_AGGRESSIVE;
				CLANG_WARN_UNREACHABLE_CODE = YES;
				CLANG_WARN__DUPLICATE_METHOD_MATCH = YES;
				COPY_PHASE_STRIP = NO;
				DEBUG_INFORMATION_FORMAT = dwarf;
				ENABLE_STRICT_OBJC_MSGSEND = YES;
				ENABLE_TESTABILITY = YES;
				ENABLE_USER_SCRIPT_SANDBOXING = YES;
				GCC_C_LANGUAGE_STANDARD = gnu17;
				GCC_DYNAMIC_NO_PIC = NO;
				GCC_NO_COMMON_BLOCKS = YES;
				GCC_OPTIMIZATION_LEVEL = 0;
				GCC_PREPROCESSOR_DEFINITIONS = (
					"DEBUG=1",
					"$(inherited)",
				);
				GCC_WARN_64_TO_32_BIT_CONVERSION = YES;
				GCC_WARN_ABOUT_RETURN_TYPE = YES_ERROR;
				GCC_WARN_UNDECLARED_SELECTOR = YES;
				GCC_WARN_UNINITIALIZED_AUTOS = YES_AGGRESSIVE;
				GCC_WARN_UNUSED_FUNCTION = YES;
				GCC_WARN_UNUSED_VARIABLE = YES;
				IPHONEOS_DEPLOYMENT_TARGET = 17.2;
				LOCALIZATION_PREFERS_STRING_CATALOGS = YES;
				MTL_ENABLE_DEBUG_INFO = INCLUDE_SOURCE;
				MTL_FAST_MATH = YES;
				ONLY_ACTIVE_ARCH = YES;
				SDKROOT = iphoneos;
				SWIFT_ACTIVE_COMPILATION_CONDITIONS = "DEBUG $(inherited)";
				SWIFT_OPTIMIZATION_LEVEL = "-Onone";
			};
			name = Debug;
		};
		BE88F1A02C6CC588006AAA84 /* Release */ = {
			isa = XCBuildConfiguration;
			buildSettings = {
				ALWAYS_SEARCH_USER_PATHS = NO;
				ASSETCATALOG_COMPILER_GENERATE_SWIFT_ASSET_SYMBOL_EXTENSIONS = YES;
				CLANG_ANALYZER_NONNULL = YES;
				CLANG_ANALYZER_NUMBER_OBJECT_CONVERSION = YES_AGGRESSIVE;
				CLANG_CXX_LANGUAGE_STANDARD = "gnu++20";
				CLANG_ENABLE_MODULES = YES;
				CLANG_ENABLE_OBJC_ARC = YES;
				CLANG_ENABLE_OBJC_WEAK = YES;
				CLANG_WARN_BLOCK_CAPTURE_AUTORELEASING = YES;
				CLANG_WARN_BOOL_CONVERSION = YES;
				CLANG_WARN_COMMA = YES;
				CLANG_WARN_CONSTANT_CONVERSION = YES;
				CLANG_WARN_DEPRECATED_OBJC_IMPLEMENTATIONS = YES;
				CLANG_WARN_DIRECT_OBJC_ISA_USAGE = YES_ERROR;
				CLANG_WARN_DOCUMENTATION_COMMENTS = YES;
				CLANG_WARN_EMPTY_BODY = YES;
				CLANG_WARN_ENUM_CONVERSION = YES;
				CLANG_WARN_INFINITE_RECURSION = YES;
				CLANG_WARN_INT_CONVERSION = YES;
				CLANG_WARN_NON_LITERAL_NULL_CONVERSION = YES;
				CLANG_WARN_OBJC_IMPLICIT_RETAIN_SELF = YES;
				CLANG_WARN_OBJC_LITERAL_CONVERSION = YES;
				CLANG_WARN_OBJC_ROOT_CLASS = YES_ERROR;
				CLANG_WARN_QUOTED_INCLUDE_IN_FRAMEWORK_HEADER = YES;
				CLANG_WARN_RANGE_LOOP_ANALYSIS = YES;
				CLANG_WARN_STRICT_PROTOTYPES = YES;
				CLANG_WARN_SUSPICIOUS_MOVE = YES;
				CLANG_WARN_UNGUARDED_AVAILABILITY = YES_AGGRESSIVE;
				CLANG_WARN_UNREACHABLE_CODE = YES;
				CLANG_WARN__DUPLICATE_METHOD_MATCH = YES;
				COPY_PHASE_STRIP = NO;
				DEBUG_INFORMATION_FORMAT = "dwarf-with-dsym";
				ENABLE_NS_ASSERTIONS = NO;
				ENABLE_STRICT_OBJC_MSGSEND = YES;
				ENABLE_USER_SCRIPT_SANDBOXING = YES;
				GCC_C_LANGUAGE_STANDARD = gnu17;
				GCC_NO_COMMON_BLOCKS = YES;
				GCC_WARN_64_TO_32_BIT_CONVERSION = YES;
				GCC_WARN_ABOUT_RETURN_TYPE = YES_ERROR;
				GCC_WARN_UNDECLARED_SELECTOR = YES;
				GCC_WARN_UNINITIALIZED_AUTOS = YES_AGGRESSIVE;
				GCC_WARN_UNUSED_FUNCTION = YES;
				GCC_WARN_UNUSED_VARIABLE = YES;
				IPHONEOS_DEPLOYMENT_TARGET = 17.2;
				LOCALIZATION_PREFERS_STRING_CATALOGS = YES;
				MTL_ENABLE_DEBUG_INFO = NO;
				MTL_FAST_MATH = YES;
				SDKROOT = iphoneos;
				SWIFT_COMPILATION_MODE = wholemodule;
				VALIDATE_PRODUCT = YES;
			};
			name = Release;
		};
		BE88F1A22C6CC588006AAA84 /* Debug */ = {
			isa = XCBuildConfiguration;
			buildSettings = {
				ASSETCATALOG_COMPILER_APPICON_NAME = AppIcon;
				ASSETCATALOG_COMPILER_GLOBAL_ACCENT_COLOR_NAME = AccentColor;
				CODE_SIGN_STYLE = Automatic;
				CURRENT_PROJECT_VERSION = 1;
				DEVELOPMENT_TEAM = 9N2C3RSUH8;
				GENERATE_INFOPLIST_FILE = YES;
				INFOPLIST_FILE = "e-commerceApp/Files/Info.plist";
				INFOPLIST_KEY_UIApplicationSupportsIndirectInputEvents = YES;
				INFOPLIST_KEY_UILaunchStoryboardName = LaunchScreen;
				INFOPLIST_KEY_UISupportedInterfaceOrientations_iPad = "UIInterfaceOrientationPortrait UIInterfaceOrientationPortraitUpsideDown UIInterfaceOrientationLandscapeLeft UIInterfaceOrientationLandscapeRight";
				INFOPLIST_KEY_UISupportedInterfaceOrientations_iPhone = "UIInterfaceOrientationPortrait UIInterfaceOrientationLandscapeLeft UIInterfaceOrientationLandscapeRight";
				IPHONEOS_DEPLOYMENT_TARGET = 17.0;
				LD_RUNPATH_SEARCH_PATHS = (
					"$(inherited)",
					"@executable_path/Frameworks",
				);
				MARKETING_VERSION = 1.0;
				PRODUCT_BUNDLE_IDENTIFIER = "com.iosdevbaran.e-commerceApp";
				PRODUCT_NAME = "$(TARGET_NAME)";
				SWIFT_EMIT_LOC_STRINGS = YES;
				SWIFT_VERSION = 5.0;
				TARGETED_DEVICE_FAMILY = "1,2";
			};
			name = Debug;
		};
		BE88F1A32C6CC588006AAA84 /* Release */ = {
			isa = XCBuildConfiguration;
			buildSettings = {
				ASSETCATALOG_COMPILER_APPICON_NAME = AppIcon;
				ASSETCATALOG_COMPILER_GLOBAL_ACCENT_COLOR_NAME = AccentColor;
				CODE_SIGN_STYLE = Automatic;
				CURRENT_PROJECT_VERSION = 1;
				DEVELOPMENT_TEAM = 9N2C3RSUH8;
				GENERATE_INFOPLIST_FILE = YES;
				INFOPLIST_FILE = "e-commerceApp/Files/Info.plist";
				INFOPLIST_KEY_UIApplicationSupportsIndirectInputEvents = YES;
				INFOPLIST_KEY_UILaunchStoryboardName = LaunchScreen;
				INFOPLIST_KEY_UISupportedInterfaceOrientations_iPad = "UIInterfaceOrientationPortrait UIInterfaceOrientationPortraitUpsideDown UIInterfaceOrientationLandscapeLeft UIInterfaceOrientationLandscapeRight";
				INFOPLIST_KEY_UISupportedInterfaceOrientations_iPhone = "UIInterfaceOrientationPortrait UIInterfaceOrientationLandscapeLeft UIInterfaceOrientationLandscapeRight";
				IPHONEOS_DEPLOYMENT_TARGET = 17.0;
				LD_RUNPATH_SEARCH_PATHS = (
					"$(inherited)",
					"@executable_path/Frameworks",
				);
				MARKETING_VERSION = 1.0;
				PRODUCT_BUNDLE_IDENTIFIER = "com.iosdevbaran.e-commerceApp";
				PRODUCT_NAME = "$(TARGET_NAME)";
				SWIFT_EMIT_LOC_STRINGS = YES;
				SWIFT_VERSION = 5.0;
				TARGETED_DEVICE_FAMILY = "1,2";
			};
			name = Release;
		};
/* End XCBuildConfiguration section */

/* Begin XCConfigurationList section */
		BE88F1852C6CC587006AAA84 /* Build configuration list for PBXProject "e-commerceApp" */ = {
			isa = XCConfigurationList;
			buildConfigurations = (
				BE88F19F2C6CC588006AAA84 /* Debug */,
				BE88F1A02C6CC588006AAA84 /* Release */,
			);
			defaultConfigurationIsVisible = 0;
			defaultConfigurationName = Release;
		};
		BE88F1A12C6CC588006AAA84 /* Build configuration list for PBXNativeTarget "e-commerceApp" */ = {
			isa = XCConfigurationList;
			buildConfigurations = (
				BE88F1A22C6CC588006AAA84 /* Debug */,
				BE88F1A32C6CC588006AAA84 /* Release */,
			);
			defaultConfigurationIsVisible = 0;
			defaultConfigurationName = Release;
		};
/* End XCConfigurationList section */

/* Begin XCRemoteSwiftPackageReference section */
		BE05489E2C72145A00EEF408 /* XCRemoteSwiftPackageReference "SnapKit" */ = {
			isa = XCRemoteSwiftPackageReference;
			repositoryURL = "https://github.com/SnapKit/SnapKit.git";
			requirement = {
				kind = upToNextMajorVersion;
				minimumVersion = 5.7.1;
			};
		};
/* End XCRemoteSwiftPackageReference section */

/* Begin XCSwiftPackageProductDependency section */
		BE05489F2C72145A00EEF408 /* SnapKit */ = {
			isa = XCSwiftPackageProductDependency;
			package = BE05489E2C72145A00EEF408 /* XCRemoteSwiftPackageReference "SnapKit" */;
			productName = SnapKit;
		};
/* End XCSwiftPackageProductDependency section */

/* Begin XCVersionGroup section */
		BE88F1962C6CC587006AAA84 /* e_commerceApp.xcdatamodeld */ = {
			isa = XCVersionGroup;
			children = (
				BE88F1972C6CC587006AAA84 /* e_commerceApp.xcdatamodel */,
			);
			currentVersion = BE88F1972C6CC587006AAA84 /* e_commerceApp.xcdatamodel */;
			path = e_commerceApp.xcdatamodeld;
			sourceTree = "<group>";
			versionGroupType = wrapper.xcdatamodel;
		};
/* End XCVersionGroup section */
	};
	rootObject = BE88F1822C6CC587006AAA84 /* Project object */;
}
